{
  "nodes": {
    "home-manager": {
      "inputs": {
        "nixpkgs": "nixpkgs"
      },
      "locked": {
        "lastModified": 1638281721,
        "narHash": "sha256-d3vAVFG6zov9NwjSuYntBiD+I5KjJLwX09c7uAzbONI=",
        "owner": "nix-community",
        "repo": "home-manager",
        "rev": "7329ffc6e911106494183557fc249180d5422929",
        "type": "github"
      },
      "original": {
        "owner": "nix-community",
        "ref": "release-21.05",
        "repo": "home-manager",
        "type": "github"
      }
    },
    "nixpkgs": {
      "locked": {
        "lastModified": 1641135641,
        "narHash": "sha256-Vh7B9JTgsx9/0bH7YxLkj4DA/WraY3pnBH8Tc+490YM=",
        "owner": "NixOS",
        "repo": "nixpkgs",
        "rev": "61d24cba72831201efcab419f19b947cf63a2d61",
        "type": "github"
      },
      "original": {
        "id": "nixpkgs",
        "type": "indirect"
      }
    },
    "nixpkgs_2": {
      "locked": {
        "lastModified": 1641046839,
        "narHash": "sha256-9XJgfDKU1hhC0E16FxDJe//Utrm79AQxesPhTltwjQ4=",
        "owner": "NixOS",
        "repo": "nixpkgs",
        "rev": "d1e59cfc49961e121583abe32e2f3db1550fbcff",
        "type": "github"
      },
      "original": {
        "owner": "NixOS",
        "ref": "nixos-21.11",
        "repo": "nixpkgs",
        "type": "github"
      }
    },
    "nixpkgs_3": {
      "locked": {
        "lastModified": 1638097282,
        "narHash": "sha256-EXCzj9b8X/lqDPJapxZThIOKL5ASbpsJZ+8L1LnY1ig=",
        "owner": "NixOS",
        "repo": "nixpkgs",
        "rev": "78cb77b29d37a9663e05b61abb4fa09465da4b70",
        "type": "github"
      },
      "original": {
        "owner": "NixOS",
        "ref": "nixpkgs-unstable",
        "repo": "nixpkgs",
        "type": "github"
      }
    },
    "root": {
      "inputs": {
        "home-manager": "home-manager",
        "nixpkgs": "nixpkgs_2",
        "sops-nix": "sops-nix",
        "unstablepkgs": "unstablepkgs"
      }
    },
    "sops-nix": {
      "inputs": {
        "nixpkgs": "nixpkgs_3"
      },
      "locked": {
        "lastModified": 1640804118,
        "narHash": "sha256-4qHIQbiFmb+qXKt0nOY09XO/KdSMTrlHdhRK7St4zzU=",
        "owner": "Mic92",
        "repo": "sops-nix",
        "rev": "1514ac9fd54363a24c513de43dd0b963e2d17cb7",
        "type": "github"
      },
      "original": {
        "owner": "Mic92",
        "repo": "sops-nix",
        "type": "github"
      }
    },
    "unstablepkgs": {
      "locked": {
        "lastModified": 1640959792,
        "narHash": "sha256-zYSR//06FU2TDOpKKj0Hkff6unsxk3NwwNFuB1loU6E=",
        "owner": "NixOS",
        "repo": "nixpkgs",
        "rev": "59bfda72480496f32787cec8c557182738b1bd3f",
        "type": "github"
      },
      "original": {
        "owner": "NixOS",
        "ref": "nixos-unstable",
        "repo": "nixpkgs",
        "type": "github"
      }
    }
  },
  "root": "root",
  "version": 7
}
